{
  "name": "mtg-card-matching-game",
  "version": "1.0.0",
  "lockfileVersion": 3,
  "requires": true,
  "packages": {
    "": {
      "name": "mtg-card-matching-game",
      "version": "1.0.0",
      "devDependencies": {
        "@playwright/test": "^1.40.0"
      }
    },
    "node_modules/.pnpm/@playwright+test@1.58.2": {
      "dev": true
    },
    "node_modules/.pnpm/@playwright+test@1.58.2/node_modules/@playwright/test": {
      "version": "1.58.2",
      "dev": true,
      "license": "Apache-2.0",
      "dependencies": {
        "playwright": "1.58.2"
      },
      "bin": {
        "playwright": "cli.js"
      },
      "engines": {
        "node": ">=18"
      }
    },
    "node_modules/.pnpm/@playwright+test@1.58.2/node_modules/playwright": {
      "resolved": "node_modules/.pnpm/playwright@1.58.2/node_modules/playwright",
      "link": true
    },
    "node_modules/.pnpm/playwright-core@1.58.2/node_modules/playwright-core": {
      "version": "1.58.2",
      "dev": true,
      "license": "Apache-2.0",
      "bin": {
        "playwright-core": "cli.js"
      },
      "engines": {
        "node": ">=18"
      }
    },
    "node_modules/.pnpm/playwright@1.58.2": {
      "dev": true
    },
    "node_modules/.pnpm/playwright@1.58.2/node_modules/playwright": {
      "version": "1.58.2",
      "dev": true,
      "license": "Apache-2.0",
      "dependencies": {
        "playwright-core": "1.58.2"
      },
      "bin": {
        "playwright": "cli.js"
      },
      "engines": {
        "node": ">=18"
      },
      "optionalDependencies": {
        "fsevents": "2.3.2"
      }
    },
    "node_modules/.pnpm/playwright@1.58.2/node_modules/playwright-core": {
      "resolved": "node_modules/.pnpm/playwright-core@1.58.2/node_modules/playwright-core",
      "link": true
    },
    "node_modules/@playwright/test": {
      "resolved": "node_modules/.pnpm/@playwright+test@1.58.2/node_modules/@playwright/test",
      "link": true
    },
    "node_modules/fsevents": {
      "version": "2.3.2",
      "resolved": "https://registry.npmjs.org/fsevents/-/fsevents-2.3.2.tgz",
      "integrity": "sha512-xiqMQR4xAeHTuB9uWm+fFRcIOgKBMiOBP+eXiyT7jsgVCq1bkVygt00oASowB7EdtpOHaaPgKt812P9ab+DDKA==",
      "dev": true,
      "hasInstallScript": true,
      "license": "MIT",
      "optional": true,
      "os": [
        "darwin"
      ],
      "engines": {
        "node": "^8.16.0 || ^10.6.0 || >=11.0.0"
      }
    }
  }
}
